PODS:
  - Charts (3.0.5):
    - Charts/Core (= 3.0.5)
  - Charts/Core (3.0.5)
  - SnapKit (4.0.0)

DEPENDENCIES:
  - Charts
  - SnapKit

SPEC CHECKSUMS:
  Charts: 45cdc985b764c838b35ee47eb1365d15735f6d1a
  SnapKit: a42d492c16e80209130a3379f73596c3454b7694

PODFILE CHECKSUM: 4093d93ec790553669060230419b9809c9d96cdd

COCOAPODS: 1.3.1
