// !$*UTF8*$!
{
	archiveVersion = 1;
	classes = {
	};
	objectVersion = 48;
	objects = {

/* Begin PBXBuildFile section */
		7301547A204A59E40096293B /* todo.rtf in Resources */ = {isa = PBXBuildFile; fileRef = 73015479204A59E40096293B /* todo.rtf */; };
		7309F24A20461EBD008C8D93 /* RadiationPoolFireViewController.swift in Sources */ = {isa = PBXBuildFile; fileRef = 7309F24920461EBD008C8D93 /* RadiationPoolFireViewController.swift */; };
		7343F5DF201EBA1A0090CBB6 /* Conversion.swift in Sources */ = {isa = PBXBuildFile; fileRef = 7343F5DE201EBA1A0090CBB6 /* Conversion.swift */; };
		735DAD9D20377A2C00EA97AA /* firedynamics_background_1.png in Resources */ = {isa = PBXBuildFile; fileRef = 735DAD9C20377A2C00EA97AA /* firedynamics_background_1.png */; };
		735DAD9F2037855500EA97AA /* HRRViewController.swift in Sources */ = {isa = PBXBuildFile; fileRef = 735DAD9E2037855500EA97AA /* HRRViewController.swift */; };
		736CD4E62051DA3F00CBAA33 /* SolidIgnitionCalculator.swift in Sources */ = {isa = PBXBuildFile; fileRef = 736CD4E52051DA3F00CBAA33 /* SolidIgnitionCalculator.swift */; };
		736CD4E82051DB0B00CBAA33 /* ThermallyThickView.swift in Sources */ = {isa = PBXBuildFile; fileRef = 736CD4E72051DB0B00CBAA33 /* ThermallyThickView.swift */; };
		736CD4EA2051EC7C00CBAA33 /* ToolbarHandler.swift in Sources */ = {isa = PBXBuildFile; fileRef = 736CD4E92051EC7C00CBAA33 /* ToolbarHandler.swift */; };
		73768A8A204A2B8C00F7CA97 /* ConductionViewController.swift in Sources */ = {isa = PBXBuildFile; fileRef = 73768A89204A2B8C00F7CA97 /* ConductionViewController.swift */; };
		7379945620154EBC0076F570 /* AppDelegate.swift in Sources */ = {isa = PBXBuildFile; fileRef = 7379945520154EBC0076F570 /* AppDelegate.swift */; };
		7379945B20154EBC0076F570 /* Main.storyboard in Resources */ = {isa = PBXBuildFile; fileRef = 7379945920154EBC0076F570 /* Main.storyboard */; };
		7379945D20154EBC0076F570 /* Assets.xcassets in Resources */ = {isa = PBXBuildFile; fileRef = 7379945C20154EBC0076F570 /* Assets.xcassets */; };
		7379946020154EBC0076F570 /* LaunchScreen.storyboard in Resources */ = {isa = PBXBuildFile; fileRef = 7379945E20154EBC0076F570 /* LaunchScreen.storyboard */; };
		7379946820154F820076F570 /* ReportListTableViewController.swift in Sources */ = {isa = PBXBuildFile; fileRef = 7379946720154F820076F570 /* ReportListTableViewController.swift */; };
		7379946A201551550076F570 /* FlashoverViewController.swift in Sources */ = {isa = PBXBuildFile; fileRef = 73799469201551550076F570 /* FlashoverViewController.swift */; };
		7379946D201559750076F570 /* RoundedButton.swift in Sources */ = {isa = PBXBuildFile; fileRef = 7379946C201559750076F570 /* RoundedButton.swift */; };
		737D068F204E146800B8D36E /* SolidIgnitionViewController.swift in Sources */ = {isa = PBXBuildFile; fileRef = 737D068E204E146800B8D36E /* SolidIgnitionViewController.swift */; };
		739F99AB2050F69C00285105 /* ThermallyThinView.swift in Sources */ = {isa = PBXBuildFile; fileRef = 739F99AA2050F69C00285105 /* ThermallyThinView.swift */; };
		73CB56F6203B6E4E002A901E /* FlameHeightViewController.swift in Sources */ = {isa = PBXBuildFile; fileRef = 73CB56F5203B6E4E002A901E /* FlameHeightViewController.swift */; };
		73E57BF82043E03E000341CC /* t2_FiresViewController.swift in Sources */ = {isa = PBXBuildFile; fileRef = 73E57BF72043E03E000341CC /* t2_FiresViewController.swift */; };
		73E9E8582044DC11009B6BE9 /* t2GraphViewController.swift in Sources */ = {isa = PBXBuildFile; fileRef = 73E9E8572044DC11009B6BE9 /* t2GraphViewController.swift */; };
		99C8ABC4EBBADD23A13447CD /* Pods_FireDynamicsCalculator.framework in Frameworks */ = {isa = PBXBuildFile; fileRef = 2D44237AF23877FFDF774815 /* Pods_FireDynamicsCalculator.framework */; };
/* End PBXBuildFile section */

/* Begin PBXFileReference section */
		2D44237AF23877FFDF774815 /* Pods_FireDynamicsCalculator.framework */ = {isa = PBXFileReference; explicitFileType = wrapper.framework; includeInIndex = 0; path = Pods_FireDynamicsCalculator.framework; sourceTree = BUILT_PRODUCTS_DIR; };
		73015479204A59E40096293B /* todo.rtf */ = {isa = PBXFileReference; lastKnownFileType = text.rtf; path = todo.rtf; sourceTree = "<group>"; };
		7309F24920461EBD008C8D93 /* RadiationPoolFireViewController.swift */ = {isa = PBXFileReference; lastKnownFileType = sourcecode.swift; path = RadiationPoolFireViewController.swift; sourceTree = "<group>"; };
		7343F5DE201EBA1A0090CBB6 /* Conversion.swift */ = {isa = PBXFileReference; lastKnownFileType = sourcecode.swift; path = Conversion.swift; sourceTree = "<group>"; };
		735DAD9C20377A2C00EA97AA /* firedynamics_background_1.png */ = {isa = PBXFileReference; lastKnownFileType = image.png; path = firedynamics_background_1.png; sourceTree = "<group>"; };
		735DAD9E2037855500EA97AA /* HRRViewController.swift */ = {isa = PBXFileReference; lastKnownFileType = sourcecode.swift; path = HRRViewController.swift; sourceTree = "<group>"; };
		736CD4E52051DA3F00CBAA33 /* SolidIgnitionCalculator.swift */ = {isa = PBXFileReference; lastKnownFileType = sourcecode.swift; path = SolidIgnitionCalculator.swift; sourceTree = "<group>"; };
		736CD4E72051DB0B00CBAA33 /* ThermallyThickView.swift */ = {isa = PBXFileReference; lastKnownFileType = sourcecode.swift; path = ThermallyThickView.swift; sourceTree = "<group>"; };
		736CD4E92051EC7C00CBAA33 /* ToolbarHandler.swift */ = {isa = PBXFileReference; lastKnownFileType = sourcecode.swift; path = ToolbarHandler.swift; sourceTree = "<group>"; };
		73768A89204A2B8C00F7CA97 /* ConductionViewController.swift */ = {isa = PBXFileReference; lastKnownFileType = sourcecode.swift; path = ConductionViewController.swift; sourceTree = "<group>"; };
		7379945220154EBC0076F570 /* FireDynamicsCalculator.app */ = {isa = PBXFileReference; explicitFileType = wrapper.application; includeInIndex = 0; path = FireDynamicsCalculator.app; sourceTree = BUILT_PRODUCTS_DIR; };
		7379945520154EBC0076F570 /* AppDelegate.swift */ = {isa = PBXFileReference; lastKnownFileType = sourcecode.swift; path = AppDelegate.swift; sourceTree = "<group>"; };
		7379945A20154EBC0076F570 /* Base */ = {isa = PBXFileReference; lastKnownFileType = file.storyboard; name = Base; path = Base.lproj/Main.storyboard; sourceTree = "<group>"; };
		7379945C20154EBC0076F570 /* Assets.xcassets */ = {isa = PBXFileReference; lastKnownFileType = folder.assetcatalog; path = Assets.xcassets; sourceTree = "<group>"; };
		7379945F20154EBC0076F570 /* Base */ = {isa = PBXFileReference; lastKnownFileType = file.storyboard; name = Base; path = Base.lproj/LaunchScreen.storyboard; sourceTree = "<group>"; };
		7379946120154EBC0076F570 /* Info.plist */ = {isa = PBXFileReference; lastKnownFileType = text.plist.xml; path = Info.plist; sourceTree = "<group>"; };
		7379946720154F820076F570 /* ReportListTableViewController.swift */ = {isa = PBXFileReference; lastKnownFileType = sourcecode.swift; path = ReportListTableViewController.swift; sourceTree = "<group>"; };
		73799469201551550076F570 /* FlashoverViewController.swift */ = {isa = PBXFileReference; lastKnownFileType = sourcecode.swift; path = FlashoverViewController.swift; sourceTree = "<group>"; };
		7379946C201559750076F570 /* RoundedButton.swift */ = {isa = PBXFileReference; lastKnownFileType = sourcecode.swift; path = RoundedButton.swift; sourceTree = "<group>"; };
		737D068E204E146800B8D36E /* SolidIgnitionViewController.swift */ = {isa = PBXFileReference; lastKnownFileType = sourcecode.swift; path = SolidIgnitionViewController.swift; sourceTree = "<group>"; };
		739F99AA2050F69C00285105 /* ThermallyThinView.swift */ = {isa = PBXFileReference; lastKnownFileType = sourcecode.swift; path = ThermallyThinView.swift; sourceTree = "<group>"; };
		73CB56F5203B6E4E002A901E /* FlameHeightViewController.swift */ = {isa = PBXFileReference; lastKnownFileType = sourcecode.swift; path = FlameHeightViewController.swift; sourceTree = "<group>"; };
		73E57BF72043E03E000341CC /* t2_FiresViewController.swift */ = {isa = PBXFileReference; lastKnownFileType = sourcecode.swift; path = t2_FiresViewController.swift; sourceTree = "<group>"; };
		73E9E8572044DC11009B6BE9 /* t2GraphViewController.swift */ = {isa = PBXFileReference; lastKnownFileType = sourcecode.swift; path = t2GraphViewController.swift; sourceTree = "<group>"; };
		9EA1E6FDE208FA4483FEF2CE /* Pods-FireDynamicsCalculator.debug.xcconfig */ = {isa = PBXFileReference; includeInIndex = 1; lastKnownFileType = text.xcconfig; name = "Pods-FireDynamicsCalculator.debug.xcconfig"; path = "Pods/Target Support Files/Pods-FireDynamicsCalculator/Pods-FireDynamicsCalculator.debug.xcconfig"; sourceTree = "<group>"; };
		A48FA7895F3A00677654918D /* Pods-FireDynamicsCalculator.release.xcconfig */ = {isa = PBXFileReference; includeInIndex = 1; lastKnownFileType = text.xcconfig; name = "Pods-FireDynamicsCalculator.release.xcconfig"; path = "Pods/Target Support Files/Pods-FireDynamicsCalculator/Pods-FireDynamicsCalculator.release.xcconfig"; sourceTree = "<group>"; };
/* End PBXFileReference section */

/* Begin PBXFrameworksBuildPhase section */
		7379944F20154EBC0076F570 /* Frameworks */ = {
			isa = PBXFrameworksBuildPhase;
			buildActionMask = 2147483647;
			files = (
				99C8ABC4EBBADD23A13447CD /* Pods_FireDynamicsCalculator.framework in Frameworks */,
			);
			runOnlyForDeploymentPostprocessing = 0;
		};
/* End PBXFrameworksBuildPhase section */

/* Begin PBXGroup section */
		34478C833460E1F5E71CDAE7 /* Pods */ = {
			isa = PBXGroup;
			children = (
				9EA1E6FDE208FA4483FEF2CE /* Pods-FireDynamicsCalculator.debug.xcconfig */,
				A48FA7895F3A00677654918D /* Pods-FireDynamicsCalculator.release.xcconfig */,
			);
			name = Pods;
			sourceTree = "<group>";
		};
		734075DDBFD0DF32CE1C347A /* Frameworks */ = {
			isa = PBXGroup;
			children = (
				2D44237AF23877FFDF774815 /* Pods_FireDynamicsCalculator.framework */,
			);
			name = Frameworks;
			sourceTree = "<group>";
		};
		7379944920154EBC0076F570 = {
			isa = PBXGroup;
			children = (
				7379945420154EBC0076F570 /* FireDynamicsCalculator */,
				7379945320154EBC0076F570 /* Products */,
				34478C833460E1F5E71CDAE7 /* Pods */,
				734075DDBFD0DF32CE1C347A /* Frameworks */,
			);
			sourceTree = "<group>";
		};
		7379945320154EBC0076F570 /* Products */ = {
			isa = PBXGroup;
			children = (
				7379945220154EBC0076F570 /* FireDynamicsCalculator.app */,
			);
			name = Products;
			sourceTree = "<group>";
		};
		7379945420154EBC0076F570 /* FireDynamicsCalculator */ = {
			isa = PBXGroup;
			children = (
				73015479204A59E40096293B /* todo.rtf */,
				7379945520154EBC0076F570 /* AppDelegate.swift */,
				7379946C201559750076F570 /* RoundedButton.swift */,
				7343F5DE201EBA1A0090CBB6 /* Conversion.swift */,
				7379945920154EBC0076F570 /* Main.storyboard */,
				7379946720154F820076F570 /* ReportListTableViewController.swift */,
				7379946B201551590076F570 /* Calculator Controllers */,
				7379945C20154EBC0076F570 /* Assets.xcassets */,
				735DAD9C20377A2C00EA97AA /* firedynamics_background_1.png */,
				7379945E20154EBC0076F570 /* LaunchScreen.storyboard */,
				7379946120154EBC0076F570 /* Info.plist */,
			);
			path = FireDynamicsCalculator;
			sourceTree = "<group>";
		};
		7379946B201551590076F570 /* Calculator Controllers */ = {
			isa = PBXGroup;
			children = (
				73799469201551550076F570 /* FlashoverViewController.swift */,
				735DAD9E2037855500EA97AA /* HRRViewController.swift */,
				73CB56F5203B6E4E002A901E /* FlameHeightViewController.swift */,
				73E9E8562044DBF7009B6BE9 /* t2 */,
				7309F24920461EBD008C8D93 /* RadiationPoolFireViewController.swift */,
				73768A89204A2B8C00F7CA97 /* ConductionViewController.swift */,
				739F99A92050F57300285105 /* Solid Ignition */,
			);
			path = "Calculator Controllers";
			sourceTree = "<group>";
		};
		739F99A92050F57300285105 /* Solid Ignition */ = {
			isa = PBXGroup;
			children = (
				737D068E204E146800B8D36E /* SolidIgnitionViewController.swift */,
				736CD4E52051DA3F00CBAA33 /* SolidIgnitionCalculator.swift */,
				739F99AA2050F69C00285105 /* ThermallyThinView.swift */,
				736CD4E72051DB0B00CBAA33 /* ThermallyThickView.swift */,
				736CD4E92051EC7C00CBAA33 /* ToolbarHandler.swift */,
			);
			path = "Solid Ignition";
			sourceTree = "<group>";
		};
		73E9E8562044DBF7009B6BE9 /* t2 */ = {
			isa = PBXGroup;
			children = (
				73E57BF72043E03E000341CC /* t2_FiresViewController.swift */,
				73E9E8572044DC11009B6BE9 /* t2GraphViewController.swift */,
			);
			path = t2;
			sourceTree = "<group>";
		};
/* End PBXGroup section */

/* Begin PBXNativeTarget section */
		7379945120154EBC0076F570 /* FireDynamicsCalculator */ = {
			isa = PBXNativeTarget;
			buildConfigurationList = 7379946420154EBC0076F570 /* Build configuration list for PBXNativeTarget "FireDynamicsCalculator" */;
			buildPhases = (
				DE07E938A06301BD084000F0 /* [CP] Check Pods Manifest.lock */,
				7379944E20154EBC0076F570 /* Sources */,
				7379944F20154EBC0076F570 /* Frameworks */,
				7379945020154EBC0076F570 /* Resources */,
				DAAB1A60E1343894C12AEFD1 /* [CP] Embed Pods Frameworks */,
				C818CCEB2B7A170CED78D840 /* [CP] Copy Pods Resources */,
			);
			buildRules = (
			);
			dependencies = (
			);
			name = FireDynamicsCalculator;
			productName = FireDynamicsCalculator;
			productReference = 7379945220154EBC0076F570 /* FireDynamicsCalculator.app */;
			productType = "com.apple.product-type.application";
		};
/* End PBXNativeTarget section */

/* Begin PBXProject section */
		7379944A20154EBC0076F570 /* Project object */ = {
			isa = PBXProject;
			attributes = {
				LastSwiftUpdateCheck = 0920;
				LastUpgradeCheck = 0920;
				ORGANIZATIONNAME = "Luke Davis Development";
				TargetAttributes = {
					7379945120154EBC0076F570 = {
						CreatedOnToolsVersion = 9.2;
						ProvisioningStyle = Automatic;
					};
				};
			};
			buildConfigurationList = 7379944D20154EBC0076F570 /* Build configuration list for PBXProject "FireDynamicsCalculator" */;
			compatibilityVersion = "Xcode 8.0";
			developmentRegion = en;
			hasScannedForEncodings = 0;
			knownRegions = (
				en,
				Base,
			);
			mainGroup = 7379944920154EBC0076F570;
			productRefGroup = 7379945320154EBC0076F570 /* Products */;
			projectDirPath = "";
			projectRoot = "";
			targets = (
				7379945120154EBC0076F570 /* FireDynamicsCalculator */,
			);
		};
/* End PBXProject section */

/* Begin PBXResourcesBuildPhase section */
		7379945020154EBC0076F570 /* Resources */ = {
			isa = PBXResourcesBuildPhase;
			buildActionMask = 2147483647;
			files = (
				7379946020154EBC0076F570 /* LaunchScreen.storyboard in Resources */,
				735DAD9D20377A2C00EA97AA /* firedynamics_background_1.png in Resources */,
				7379945D20154EBC0076F570 /* Assets.xcassets in Resources */,
				7379945B20154EBC0076F570 /* Main.storyboard in Resources */,
				7301547A204A59E40096293B /* todo.rtf in Resources */,
			);
			runOnlyForDeploymentPostprocessing = 0;
		};
/* End PBXResourcesBuildPhase section */

/* Begin PBXShellScriptBuildPhase section */
		C818CCEB2B7A170CED78D840 /* [CP] Copy Pods Resources */ = {
			isa = PBXShellScriptBuildPhase;
			buildActionMask = 2147483647;
			files = (
			);
			inputPaths = (
			);
			name = "[CP] Copy Pods Resources";
			outputPaths = (
			);
			runOnlyForDeploymentPostprocessing = 0;
			shellPath = /bin/sh;
			shellScript = "\"${SRCROOT}/Pods/Target Support Files/Pods-FireDynamicsCalculator/Pods-FireDynamicsCalculator-resources.sh\"\n";
			showEnvVarsInLog = 0;
		};
		DAAB1A60E1343894C12AEFD1 /* [CP] Embed Pods Frameworks */ = {
			isa = PBXShellScriptBuildPhase;
			buildActionMask = 2147483647;
			files = (
			);
			inputPaths = (
				"${SRCROOT}/Pods/Target Support Files/Pods-FireDynamicsCalculator/Pods-FireDynamicsCalculator-frameworks.sh",
				"${BUILT_PRODUCTS_DIR}/Charts/Charts.framework",
				"${BUILT_PRODUCTS_DIR}/SnapKit/SnapKit.framework",
			);
			name = "[CP] Embed Pods Frameworks";
			outputPaths = (
				"${TARGET_BUILD_DIR}/${FRAMEWORKS_FOLDER_PATH}/Charts.framework",
				"${TARGET_BUILD_DIR}/${FRAMEWORKS_FOLDER_PATH}/SnapKit.framework",
			);
			runOnlyForDeploymentPostprocessing = 0;
			shellPath = /bin/sh;
			shellScript = "\"${SRCROOT}/Pods/Target Support Files/Pods-FireDynamicsCalculator/Pods-FireDynamicsCalculator-frameworks.sh\"\n";
			showEnvVarsInLog = 0;
		};
		DE07E938A06301BD084000F0 /* [CP] Check Pods Manifest.lock */ = {
			isa = PBXShellScriptBuildPhase;
			buildActionMask = 2147483647;
			files = (
			);
			inputPaths = (
				"${PODS_PODFILE_DIR_PATH}/Podfile.lock",
				"${PODS_ROOT}/Manifest.lock",
			);
			name = "[CP] Check Pods Manifest.lock";
			outputPaths = (
				"$(DERIVED_FILE_DIR)/Pods-FireDynamicsCalculator-checkManifestLockResult.txt",
			);
			runOnlyForDeploymentPostprocessing = 0;
			shellPath = /bin/sh;
			shellScript = "diff \"${PODS_PODFILE_DIR_PATH}/Podfile.lock\" \"${PODS_ROOT}/Manifest.lock\" > /dev/null\nif [ $? != 0 ] ; then\n    # print error to STDERR\n    echo \"error: The sandbox is not in sync with the Podfile.lock. Run 'pod install' or update your CocoaPods installation.\" >&2\n    exit 1\nfi\n# This output is used by Xcode 'outputs' to avoid re-running this script phase.\necho \"SUCCESS\" > \"${SCRIPT_OUTPUT_FILE_0}\"\n";
			showEnvVarsInLog = 0;
		};
/* End PBXShellScriptBuildPhase section */

/* Begin PBXSourcesBuildPhase section */
		7379944E20154EBC0076F570 /* Sources */ = {
			isa = PBXSourcesBuildPhase;
			buildActionMask = 2147483647;
			files = (
				736CD4EA2051EC7C00CBAA33 /* ToolbarHandler.swift in Sources */,
				7379946A201551550076F570 /* FlashoverViewController.swift in Sources */,
				735DAD9F2037855500EA97AA /* HRRViewController.swift in Sources */,
				7343F5DF201EBA1A0090CBB6 /* Conversion.swift in Sources */,
				739F99AB2050F69C00285105 /* ThermallyThinView.swift in Sources */,
				7379945620154EBC0076F570 /* AppDelegate.swift in Sources */,
				73E9E8582044DC11009B6BE9 /* t2GraphViewController.swift in Sources */,
				736CD4E62051DA3F00CBAA33 /* SolidIgnitionCalculator.swift in Sources */,
				737D068F204E146800B8D36E /* SolidIgnitionViewController.swift in Sources */,
				73E57BF82043E03E000341CC /* t2_FiresViewController.swift in Sources */,
				7379946820154F820076F570 /* ReportListTableViewController.swift in Sources */,
				736CD4E82051DB0B00CBAA33 /* ThermallyThickView.swift in Sources */,
				73768A8A204A2B8C00F7CA97 /* ConductionViewController.swift in Sources */,
				73CB56F6203B6E4E002A901E /* FlameHeightViewController.swift in Sources */,
				7309F24A20461EBD008C8D93 /* RadiationPoolFireViewController.swift in Sources */,
				7379946D201559750076F570 /* RoundedButton.swift in Sources */,
			);
			runOnlyForDeploymentPostprocessing = 0;
		};
/* End PBXSourcesBuildPhase section */

/* Begin PBXVariantGroup section */
		7379945920154EBC0076F570 /* Main.storyboard */ = {
			isa = PBXVariantGroup;
			children = (
				7379945A20154EBC0076F570 /* Base */,
			);
			name = Main.storyboard;
			sourceTree = "<group>";
		};
		7379945E20154EBC0076F570 /* LaunchScreen.storyboard */ = {
			isa = PBXVariantGroup;
			children = (
				7379945F20154EBC0076F570 /* Base */,
			);
			name = LaunchScreen.storyboard;
			sourceTree = "<group>";
		};
/* End PBXVariantGroup section */

/* Begin XCBuildConfiguration section */
		7379946220154EBC0076F570 /* Debug */ = {
			isa = XCBuildConfiguration;
			buildSettings = {
				ALWAYS_SEARCH_USER_PATHS = NO;
				CLANG_ANALYZER_NONNULL = YES;
				CLANG_ANALYZER_NUMBER_OBJECT_CONVERSION = YES_AGGRESSIVE;
				CLANG_CXX_LANGUAGE_STANDARD = "gnu++14";
				CLANG_CXX_LIBRARY = "libc++";
				CLANG_ENABLE_MODULES = YES;
				CLANG_ENABLE_OBJC_ARC = YES;
				CLANG_WARN_BLOCK_CAPTURE_AUTORELEASING = YES;
				CLANG_WARN_BOOL_CONVERSION = YES;
				CLANG_WARN_COMMA = YES;
				CLANG_WARN_CONSTANT_CONVERSION = YES;
				CLANG_WARN_DIRECT_OBJC_ISA_USAGE = YES_ERROR;
				CLANG_WARN_DOCUMENTATION_COMMENTS = YES;
				CLANG_WARN_EMPTY_BODY = YES;
				CLANG_WARN_ENUM_CONVERSION = YES;
				CLANG_WARN_INFINITE_RECURSION = YES;
				CLANG_WARN_INT_CONVERSION = YES;
				CLANG_WARN_NON_LITERAL_NULL_CONVERSION = YES;
				CLANG_WARN_OBJC_LITERAL_CONVERSION = YES;
				CLANG_WARN_OBJC_ROOT_CLASS = YES_ERROR;
				CLANG_WARN_RANGE_LOOP_ANALYSIS = YES;
				CLANG_WARN_STRICT_PROTOTYPES = YES;
				CLANG_WARN_SUSPICIOUS_MOVE = YES;
				CLANG_WARN_UNGUARDED_AVAILABILITY = YES_AGGRESSIVE;
				CLANG_WARN_UNREACHABLE_CODE = YES;
				CLANG_WARN__DUPLICATE_METHOD_MATCH = YES;
				CODE_SIGN_IDENTITY = "iPhone Developer";
				COPY_PHASE_STRIP = NO;
				DEBUG_INFORMATION_FORMAT = dwarf;
				ENABLE_STRICT_OBJC_MSGSEND = YES;
				ENABLE_TESTABILITY = YES;
				GCC_C_LANGUAGE_STANDARD = gnu11;
				GCC_DYNAMIC_NO_PIC = NO;
				GCC_NO_COMMON_BLOCKS = YES;
				GCC_OPTIMIZATION_LEVEL = 0;
				GCC_PREPROCESSOR_DEFINITIONS = (
					"DEBUG=1",
					"$(inherited)",
				);
				GCC_WARN_64_TO_32_BIT_CONVERSION = YES;
				GCC_WARN_ABOUT_RETURN_TYPE = YES_ERROR;
				GCC_WARN_UNDECLARED_SELECTOR = YES;
				GCC_WARN_UNINITIALIZED_AUTOS = YES_AGGRESSIVE;
				GCC_WARN_UNUSED_FUNCTION = YES;
				GCC_WARN_UNUSED_VARIABLE = YES;
				IPHONEOS_DEPLOYMENT_TARGET = 11.2;
				MTL_ENABLE_DEBUG_INFO = YES;
				ONLY_ACTIVE_ARCH = YES;
				SDKROOT = iphoneos;
				SWIFT_ACTIVE_COMPILATION_CONDITIONS = DEBUG;
				SWIFT_OPTIMIZATION_LEVEL = "-Onone";
			};
			name = Debug;
		};
		7379946320154EBC0076F570 /* Release */ = {
			isa = XCBuildConfiguration;
			buildSettings = {
				ALWAYS_SEARCH_USER_PATHS = NO;
				CLANG_ANALYZER_NONNULL = YES;
				CLANG_ANALYZER_NUMBER_OBJECT_CONVERSION = YES_AGGRESSIVE;
				CLANG_CXX_LANGUAGE_STANDARD = "gnu++14";
				CLANG_CXX_LIBRARY = "libc++";
				CLANG_ENABLE_MODULES = YES;
				CLANG_ENABLE_OBJC_ARC = YES;
				CLANG_WARN_BLOCK_CAPTURE_AUTORELEASING = YES;
				CLANG_WARN_BOOL_CONVERSION = YES;
				CLANG_WARN_COMMA = YES;
				CLANG_WARN_CONSTANT_CONVERSION = YES;
				CLANG_WARN_DIRECT_OBJC_ISA_USAGE = YES_ERROR;
				CLANG_WARN_DOCUMENTATION_COMMENTS = YES;
				CLANG_WARN_EMPTY_BODY = YES;
				CLANG_WARN_ENUM_CONVERSION = YES;
				CLANG_WARN_INFINITE_RECURSION = YES;
				CLANG_WARN_INT_CONVERSION = YES;
				CLANG_WARN_NON_LITERAL_NULL_CONVERSION = YES;
				CLANG_WARN_OBJC_LITERAL_CONVERSION = YES;
				CLANG_WARN_OBJC_ROOT_CLASS = YES_ERROR;
				CLANG_WARN_RANGE_LOOP_ANALYSIS = YES;
				CLANG_WARN_STRICT_PROTOTYPES = YES;
				CLANG_WARN_SUSPICIOUS_MOVE = YES;
				CLANG_WARN_UNGUARDED_AVAILABILITY = YES_AGGRESSIVE;
				CLANG_WARN_UNREACHABLE_CODE = YES;
				CLANG_WARN__DUPLICATE_METHOD_MATCH = YES;
				CODE_SIGN_IDENTITY = "iPhone Developer";
				COPY_PHASE_STRIP = NO;
				DEBUG_INFORMATION_FORMAT = "dwarf-with-dsym";
				ENABLE_NS_ASSERTIONS = NO;
				ENABLE_STRICT_OBJC_MSGSEND = YES;
				GCC_C_LANGUAGE_STANDARD = gnu11;
				GCC_NO_COMMON_BLOCKS = YES;
				GCC_WARN_64_TO_32_BIT_CONVERSION = YES;
				GCC_WARN_ABOUT_RETURN_TYPE = YES_ERROR;
				GCC_WARN_UNDECLARED_SELECTOR = YES;
				GCC_WARN_UNINITIALIZED_AUTOS = YES_AGGRESSIVE;
				GCC_WARN_UNUSED_FUNCTION = YES;
				GCC_WARN_UNUSED_VARIABLE = YES;
				IPHONEOS_DEPLOYMENT_TARGET = 11.2;
				MTL_ENABLE_DEBUG_INFO = NO;
				SDKROOT = iphoneos;
				SWIFT_OPTIMIZATION_LEVEL = "-Owholemodule";
				VALIDATE_PRODUCT = YES;
			};
			name = Release;
		};
		7379946520154EBC0076F570 /* Debug */ = {
			isa = XCBuildConfiguration;
			baseConfigurationReference = 9EA1E6FDE208FA4483FEF2CE /* Pods-FireDynamicsCalculator.debug.xcconfig */;
			buildSettings = {
				ASSETCATALOG_COMPILER_APPICON_NAME = AppIcon;
				CODE_SIGN_STYLE = Automatic;
				DEVELOPMENT_TEAM = NJ97K3ZT3F;
				INFOPLIST_FILE = FireDynamicsCalculator/Info.plist;
				LD_RUNPATH_SEARCH_PATHS = "$(inherited) @executable_path/Frameworks";
				PRODUCT_BUNDLE_IDENTIFIER = com.rlukedavis.FireDynamicsCalculator;
				PRODUCT_NAME = "$(TARGET_NAME)";
				SWIFT_VERSION = 4.0;
				TARGETED_DEVICE_FAMILY = "1,2";
			};
			name = Debug;
		};
		7379946620154EBC0076F570 /* Release */ = {
			isa = XCBuildConfiguration;
			baseConfigurationReference = A48FA7895F3A00677654918D /* Pods-FireDynamicsCalculator.release.xcconfig */;
			buildSettings = {
				ASSETCATALOG_COMPILER_APPICON_NAME = AppIcon;
				CODE_SIGN_STYLE = Automatic;
				DEVELOPMENT_TEAM = NJ97K3ZT3F;
				INFOPLIST_FILE = FireDynamicsCalculator/Info.plist;
				LD_RUNPATH_SEARCH_PATHS = "$(inherited) @executable_path/Frameworks";
				PRODUCT_BUNDLE_IDENTIFIER = com.rlukedavis.FireDynamicsCalculator;
				PRODUCT_NAME = "$(TARGET_NAME)";
				SWIFT_VERSION = 4.0;
				TARGETED_DEVICE_FAMILY = "1,2";
			};
			name = Release;
		};
/* End XCBuildConfiguration section */

/* Begin XCConfigurationList section */
		7379944D20154EBC0076F570 /* Build configuration list for PBXProject "FireDynamicsCalculator" */ = {
			isa = XCConfigurationList;
			buildConfigurations = (
				7379946220154EBC0076F570 /* Debug */,
				7379946320154EBC0076F570 /* Release */,
			);
			defaultConfigurationIsVisible = 0;
			defaultConfigurationName = Release;
		};
		7379946420154EBC0076F570 /* Build configuration list for PBXNativeTarget "FireDynamicsCalculator" */ = {
			isa = XCConfigurationList;
			buildConfigurations = (
				7379946520154EBC0076F570 /* Debug */,
				7379946620154EBC0076F570 /* Release */,
			);
			defaultConfigurationIsVisible = 0;
			defaultConfigurationName = Release;
		};
/* End XCConfigurationList section */
	};
	rootObject = 7379944A20154EBC0076F570 /* Project object */;
}
